
Microsoft Visual Studio Solution File, Format Version 12.00
# Visual Studio 15
Project("{FAE04EC0-301F-11D3-BF4B-00C04F79EFBC}") = "Assembly-CSharp", "Assembly-CSharp.csproj", "{67B0E82E-0F01-900B-3BE9-0E668E87AA2B}"
EndProject
Project("{FAE04EC0-301F-11D3-BF4B-00C04F79EFBC}") = "ControllerSample", "ControllerSample.csproj", "{1FE2DCE7-3538-776F-6455-03DEC1594792}"
EndProject
Project("{FAE04EC0-301F-11D3-BF4B-00C04F79EFBC}") = "Assembly-CSharp-Editor", "Assembly-CSharp-Editor.csproj", "{05D6BF3C-C674-342F-181C-5CF876AB489D}"
EndProject
Global
	GlobalSection(SolutionConfigurationPlatforms) = preSolution
		Debug|Any CPU = Debug|Any CPU
		Release|Any CPU = Release|Any CPU
	EndGlobalSection
	GlobalSection(ProjectConfigurationPlatforms) = postSolution
		{67B0E82E-0F01-900B-3BE9-0E668E87AA2B}.Debug|Any CPU.ActiveCfg = Debug|Any CPU
		{67B0E82E-0F01-900B-3BE9-0E668E87AA2B}.Debug|Any CPU.Build.0 = Debug|Any CPU
		{67B0E82E-0F01-900B-3BE9-0E668E87AA2B}.Release|Any CPU.ActiveCfg = Release|Any CPU
		{67B0E82E-0F01-900B-3BE9-0E668E87AA2B}.Release|Any CPU.Build.0 = Release|Any CPU
		{1FE2DCE7-3538-776F-6455-03DEC1594792}.Debug|Any CPU.ActiveCfg = Debug|Any CPU
		{1FE2DCE7-3538-776F-6455-03DEC1594792}.Debug|Any CPU.Build.0 = Debug|Any CPU
		{1FE2DCE7-3538-776F-6455-03DEC1594792}.Release|Any CPU.ActiveCfg = Release|Any CPU
		{1FE2DCE7-3538-776F-6455-03DEC1594792}.Release|Any CPU.Build.0 = Release|Any CPU
		{05D6BF3C-C674-342F-181C-5CF876AB489D}.Debug|Any CPU.ActiveCfg = Debug|Any CPU
		{05D6BF3C-C674-342F-181C-5CF876AB489D}.Debug|Any CPU.Build.0 = Debug|Any CPU
		{05D6BF3C-C674-342F-181C-5CF876AB489D}.Release|Any CPU.ActiveCfg = Release|Any CPU
		{05D6BF3C-C674-342F-181C-5CF876AB489D}.Release|Any CPU.Build.0 = Release|Any CPU
	EndGlobalSection
	GlobalSection(SolutionProperties) = preSolution
		HideSolutionNode = FALSE
	EndGlobalSection
EndGlobal
